
Microsoft Visual Studio Solution File, Format Version 12.00
# Visual Studio Version 17
VisualStudioVersion = 17.5.33627.172
MinimumVisualStudioVersion = 10.0.40219.1
Project("{FAE04EC0-301F-11D3-BF4B-00C04F79EFBC}") = "Iteration5", "Iteration5\Iteration5.csproj", "{B9589AAA-F1FE-4843-93AB-18613C73ECD5}"
EndProject
Global
	GlobalSection(SolutionConfigurationPlatforms) = preSolution
		Debug|Any CPU = Debug|Any CPU
		Release|Any CPU = Release|Any CPU
	EndGlobalSection
	GlobalSection(ProjectConfigurationPlatforms) = postSolution
		{B9589AAA-F1FE-4843-93AB-18613C73ECD5}.Debug|Any CPU.ActiveCfg = Debug|Any CPU
		{B9589AAA-F1FE-4843-93AB-18613C73ECD5}.Debug|Any CPU.Build.0 = Debug|Any CPU
		{B9589AAA-F1FE-4843-93AB-18613C73ECD5}.Release|Any CPU.ActiveCfg = Release|Any CPU
		{B9589AAA-F1FE-4843-93AB-18613C73ECD5}.Release|Any CPU.Build.0 = Release|Any CPU
	EndGlobalSection
	GlobalSection(SolutionProperties) = preSolution
		HideSolutionNode = FALSE
	EndGlobalSection
	GlobalSection(ExtensibilityGlobals) = postSolution
		SolutionGuid = {EB8F7437-CE19-42D3-8700-DD57A3042A88}
	EndGlobalSection
EndGlobal
